
Microsoft Visual Studio Solution File, Format Version 12.00
# Visual Studio Version 16
VisualStudioVersion = 16.0.32413.511
MinimumVisualStudioVersion = 10.0.40219.1
Project("{159641D6-6404-4A2A-AE62-294DE0FE8301}") = "lookup", "lookup\lookup.dtproj", "{E379C7FA-0C40-4AA3-9249-1433528954AF}"
EndProject
Global
	GlobalSection(SolutionConfigurationPlatforms) = preSolution
		Development|Default = Development|Default
	EndGlobalSection
	GlobalSection(ProjectConfigurationPlatforms) = postSolution
		{E379C7FA-0C40-4AA3-9249-1433528954AF}.Development|Default.ActiveCfg = Development
		{E379C7FA-0C40-4AA3-9249-1433528954AF}.Development|Default.Build.0 = Development
	EndGlobalSection
	GlobalSection(SolutionProperties) = preSolution
		HideSolutionNode = FALSE
	EndGlobalSection
	GlobalSection(ExtensibilityGlobals) = postSolution
		SolutionGuid = {64314928-D50B-4B39-AEFC-841A1B701837}
	EndGlobalSection
EndGlobal
